
Microsoft Visual Studio Solution File, Format Version 12.00
# Visual Studio Version 16
VisualStudioVersion = 16.0.31729.503
MinimumVisualStudioVersion = 10.0.40219.1
Project("{9A19103F-16F7-4668-BE54-9A1E7A4F7556}") = "Biblioteca", "Biblioteca.csproj", "{618F35EA-CC2B-4F9F-9BF6-D63D12D43657}"
EndProject
Global
	GlobalSection(SolutionConfigurationPlatforms) = preSolution
		Debug|Any CPU = Debug|Any CPU
		Release|Any CPU = Release|Any CPU
	EndGlobalSection
	GlobalSection(ProjectConfigurationPlatforms) = postSolution
		{618F35EA-CC2B-4F9F-9BF6-D63D12D43657}.Debug|Any CPU.ActiveCfg = Debug|Any CPU
		{618F35EA-CC2B-4F9F-9BF6-D63D12D43657}.Debug|Any CPU.Build.0 = Debug|Any CPU
		{618F35EA-CC2B-4F9F-9BF6-D63D12D43657}.Release|Any CPU.ActiveCfg = Release|Any CPU
		{618F35EA-CC2B-4F9F-9BF6-D63D12D43657}.Release|Any CPU.Build.0 = Release|Any CPU
	EndGlobalSection
	GlobalSection(SolutionProperties) = preSolution
		HideSolutionNode = FALSE
	EndGlobalSection
	GlobalSection(ExtensibilityGlobals) = postSolution
		SolutionGuid = {4D7A94FC-BDB7-4DCE-AA2A-8F6A37F27F5D}
	EndGlobalSection
EndGlobal
